schema: '2.0'
stages:
  data_cleaning:
    cmd: python spotify_recommender/data_cleaning.py
    deps:
    - path: data/raw/Music_Info.csv
      hash: md5
      md5: e63b74919a3cdada5c804df4666391c9
      size: 14985870
    - path: spotify_recommender/data_cleaning.py
      hash: md5
      md5: 30b97910d0c08079591af5e1e117d7be
      size: 7793
    outs:
    - path: data/interim/Music_Info_cleaned.csv
      hash: md5
      md5: b5e99f8fcf0e54fa347c97490c779d67
      size: 13709636
  data_preparation_cbf:
    cmd: python spotify_recommender/content_based_filtering_data_prep.py
    deps:
    - path: data/interim/Music_Info_cleaned.csv
      hash: md5
      md5: b5e99f8fcf0e54fa347c97490c779d67
      size: 13709636
    - path: spotify_recommender/content_based_filtering_data_prep.py
      hash: md5
      md5: fa32179f0677f5a119b8aa657337e23b
      size: 4329
    outs:
    - path: data/interim/Music_Info_cleaned_CBF.csv
      hash: md5
      md5: 975f828b7bd4cfc6daf60c0ef3125b1f
      size: 6510636
  data_transformation_cbf:
    cmd: python spotify_recommender/content_based_filtering_data_transformation.py
    deps:
    - path: data/interim/Music_Info_cleaned_CBF.csv
      hash: md5
      md5: 975f828b7bd4cfc6daf60c0ef3125b1f
      size: 6510636
    - path: spotify_recommender/content_based_filtering_data_transformation.py
      hash: md5
      md5: f2f81f271022a28b891feed2ebc542b7
      size: 9490
    outs:
    - path: data/processed/Music_Info_cleaned_transformed_CBF.npz
      hash: md5
      md5: 3b28c931c4f1a5b82beeb784c265cc3d
      size: 4517729
    - path: models/trained_transformer.joblib
      hash: md5
      md5: 93e7221f3f27052449fec5c8b28edd94
      size: 200751
  content_based_filtering:
    cmd: python spotify_recommender/content_based_filtering_recommendation.py
    deps:
    - path: data/interim/Music_Info_cleaned.csv
      hash: md5
      md5: b5e99f8fcf0e54fa347c97490c779d67
      size: 13709636
    - path: data/processed/Music_Info_cleaned_transformed_CBF.npz
      hash: md5
      md5: 3b28c931c4f1a5b82beeb784c265cc3d
      size: 4517729
    - path: spotify_recommender/content_based_filtering_recommendation.py
      hash: md5
      md5: 119828dc9ee4d93e0320a1d3f6ff2e49
      size: 6419
