schema: '2.0'
stages:
  data_cleaning:
    cmd: python spotify_recommender/data_cleaning.py
    deps:
    - path: data/raw/Music_Info.csv
      hash: md5
      md5: e63b74919a3cdada5c804df4666391c9
      size: 14985870
    - path: spotify_recommender/data_cleaning.py
      hash: md5
      md5: fe81adfd98c8688e9034183f74acc688
      size: 7793
    outs:
    - path: data/interim/Music_Info_cleaned.csv
      hash: md5
      md5: b5e99f8fcf0e54fa347c97490c779d67
      size: 13709636
  data_preparation_cbf:
    cmd: python spotify_recommender/content_based_filtering/data_preparation.py
    deps:
    - path: data/interim/Music_Info_cleaned.csv
      hash: md5
      md5: b5e99f8fcf0e54fa347c97490c779d67
      size: 13709636
    - path: spotify_recommender/content_based_filtering/data_preparation.py
      hash: md5
      md5: 6985e2990b980de09c6ff7b7e58c03b3
      size: 4203
    outs:
    - path: data/interim/Music_Info_cleaned_CBF.csv
      hash: md5
      md5: 975f828b7bd4cfc6daf60c0ef3125b1f
      size: 6510636
  data_transformation_cbf:
    cmd: python spotify_recommender/content_based_filtering/data_transformation.py
    deps:
    - path: data/interim/Music_Info_cleaned_CBF.csv
      hash: md5
      md5: 975f828b7bd4cfc6daf60c0ef3125b1f
      size: 6510636
    - path: spotify_recommender/content_based_filtering/data_transformation.py
      hash: md5
      md5: af88788d1aeb6a82d4432f041c1c5b8d
      size: 9352
    outs:
    - path: data/processed/Music_Info_cleaned_transformed_CBF.npz
      hash: md5
      md5: 8d021100d00159c65ddbfe535524882f
      size: 4517758
    - path: models/trained_transformer_CBF.joblib
      hash: md5
      md5: 8ce89200467754819839a9037ad1bde1
      size: 142381
  content_based_filtering:
    cmd: python spotify_recommender/content_based_filtering/recommendation.py
    deps:
    - path: data/interim/Music_Info_cleaned.csv
      hash: md5
      md5: b5e99f8fcf0e54fa347c97490c779d67
      size: 13709636
    - path: data/processed/Music_Info_cleaned_transformed_CBF.npz
      hash: md5
      md5: 8d021100d00159c65ddbfe535524882f
      size: 4517758
    - path: spotify_recommender/content_based_filtering/recommendation.py
      hash: md5
      md5: ef88797e837e12a235eda049124315f3
      size: 6302
